
Microsoft Visual Studio Solution File, Format Version 12.00
# Visual Studio Version 17
VisualStudioVersion = 17.0.31903.59
MinimumVisualStudioVersion = 10.0.40219.1
Project("{9A19103F-16F7-4668-BE54-9A1E7A4F7556}") = "CountIt.UnitTests", "tests\CountIt.UnitTests\CountIt.UnitTests.csproj", "{00738812-B180-430D-9FC1-945D1E4EAB95}"
EndProject
Project("{2150E333-8FDC-42A3-9474-1A3956D46DE8}") = "Solution Items", "Solution Items", "{72CD9198-504F-45B8-86D9-4E8A171EEAC3}"
	ProjectSection(SolutionItems) = preProject
		.editorconfig = .editorconfig
	EndProjectSection
EndProject
Project("{FAE04EC0-301F-11D3-BF4B-00C04F79EFBC}") = "CountIt", "src\CountIt\CountIt.csproj", "{5216E49F-732B-485D-9441-4F79A0D3EA11}"
EndProject
Global
	GlobalSection(SolutionConfigurationPlatforms) = preSolution
		Debug|Any CPU = Debug|Any CPU
		Release|Any CPU = Release|Any CPU
	EndGlobalSection
	GlobalSection(ProjectConfigurationPlatforms) = postSolution
		{00738812-B180-430D-9FC1-945D1E4EAB95}.Debug|Any CPU.ActiveCfg = Debug|Any CPU
		{00738812-B180-430D-9FC1-945D1E4EAB95}.Debug|Any CPU.Build.0 = Debug|Any CPU
		{00738812-B180-430D-9FC1-945D1E4EAB95}.Release|Any CPU.ActiveCfg = Release|Any CPU
		{00738812-B180-430D-9FC1-945D1E4EAB95}.Release|Any CPU.Build.0 = Release|Any CPU
		{5216E49F-732B-485D-9441-4F79A0D3EA11}.Debug|Any CPU.ActiveCfg = Debug|Any CPU
		{5216E49F-732B-485D-9441-4F79A0D3EA11}.Debug|Any CPU.Build.0 = Debug|Any CPU
		{5216E49F-732B-485D-9441-4F79A0D3EA11}.Release|Any CPU.ActiveCfg = Release|Any CPU
		{5216E49F-732B-485D-9441-4F79A0D3EA11}.Release|Any CPU.Build.0 = Release|Any CPU
	EndGlobalSection
	GlobalSection(SolutionProperties) = preSolution
		HideSolutionNode = FALSE
	EndGlobalSection
	GlobalSection(ExtensibilityGlobals) = postSolution
		SolutionGuid = {CA3471B2-D902-42F9-9E2D-7FD07BB9FCF1}
	EndGlobalSection
EndGlobal
